
Microsoft Visual Studio Solution File, Format Version 11.00
# Visual Studio 2010
Project("{8BC9CEB8-8B4A-11D0-8D11-00A0C91BC942}") = "onemore", "onemore\onemore.vcxproj", "{F35A77F6-E2D8-4BF9-9C67-1B1376B291AE}"
EndProject
Global
	GlobalSection(SolutionConfigurationPlatforms) = preSolution
		Debug|Win32 = Debug|Win32
		Release|Win32 = Release|Win32
	EndGlobalSection
	GlobalSection(ProjectConfigurationPlatforms) = postSolution
		{F35A77F6-E2D8-4BF9-9C67-1B1376B291AE}.Debug|Win32.ActiveCfg = Debug|Win32
		{F35A77F6-E2D8-4BF9-9C67-1B1376B291AE}.Debug|Win32.Build.0 = Debug|Win32
		{F35A77F6-E2D8-4BF9-9C67-1B1376B291AE}.Release|Win32.ActiveCfg = Release|Win32
		{F35A77F6-E2D8-4BF9-9C67-1B1376B291AE}.Release|Win32.Build.0 = Release|Win32
	EndGlobalSection
	GlobalSection(SolutionProperties) = preSolution
		HideSolutionNode = FALSE
	EndGlobalSection
EndGlobal
